Microsoft Visual Studio Solution File, Format Version 12.00
# Visual Studio 2012
Project("{FAE04EC0-301F-11D3-BF4B-00C04F79EFBC}") = "Bullet Ballet", "Bullet Ballet.csproj", "{E6DBFFAE-51E3-4A9E-B85B-21751D98F8B2}"
EndProject
Project("{FAE04EC0-301F-11D3-BF4B-00C04F79EFBC}") = "TestProject", "TestProject\TestProject.csproj", "{607B7FAC-C8F5-4D55-96CC-78B943C2048A}"
EndProject
Global
	GlobalSection(SolutionConfigurationPlatforms) = preSolution
	Debug|Any CPU = Debug|Any CPU
	ExportDebug|Any CPU = ExportDebug|Any CPU
	ExportRelease|Any CPU = ExportRelease|Any CPU
	EndGlobalSection
	GlobalSection(ProjectConfigurationPlatforms) = postSolution
		{E6DBFFAE-51E3-4A9E-B85B-21751D98F8B2}.Debug|Any CPU.ActiveCfg = Debug|Any CPU
		{E6DBFFAE-51E3-4A9E-B85B-21751D98F8B2}.Debug|Any CPU.Build.0 = Debug|Any CPU
		{E6DBFFAE-51E3-4A9E-B85B-21751D98F8B2}.ExportDebug|Any CPU.ActiveCfg = ExportDebug|Any CPU
		{E6DBFFAE-51E3-4A9E-B85B-21751D98F8B2}.ExportDebug|Any CPU.Build.0 = ExportDebug|Any CPU
		{E6DBFFAE-51E3-4A9E-B85B-21751D98F8B2}.ExportRelease|Any CPU.ActiveCfg = ExportRelease|Any CPU
		{E6DBFFAE-51E3-4A9E-B85B-21751D98F8B2}.ExportRelease|Any CPU.Build.0 = ExportRelease|Any CPU
		{607B7FAC-C8F5-4D55-96CC-78B943C2048A}.Debug|Any CPU.ActiveCfg = Debug|Any CPU
		{607B7FAC-C8F5-4D55-96CC-78B943C2048A}.Debug|Any CPU.Build.0 = Debug|Any CPU
		{607B7FAC-C8F5-4D55-96CC-78B943C2048A}.ExportDebug|Any CPU.ActiveCfg = Debug|Any CPU
		{607B7FAC-C8F5-4D55-96CC-78B943C2048A}.ExportDebug|Any CPU.Build.0 = Debug|Any CPU
		{607B7FAC-C8F5-4D55-96CC-78B943C2048A}.ExportRelease|Any CPU.ActiveCfg = Debug|Any CPU
		{607B7FAC-C8F5-4D55-96CC-78B943C2048A}.ExportRelease|Any CPU.Build.0 = Debug|Any CPU
	EndGlobalSection
EndGlobal
